// !$*UTF8*$!
{
	archiveVersion = 1;
	classes = {
	};
	objectVersion = 50;
	objects = {

/* Begin PBXBuildFile section */
		41DE9CAD243C7F09002A3392 /* AppDelegate.swift in Sources */ = {isa = PBXBuildFile; fileRef = 41DE9CAC243C7F09002A3392 /* AppDelegate.swift */; };
		41DE9CAF243C7F09002A3392 /* SceneDelegate.swift in Sources */ = {isa = PBXBuildFile; fileRef = 41DE9CAE243C7F09002A3392 /* SceneDelegate.swift */; };
		41DE9CB1243C7F09002A3392 /* ContentView.swift in Sources */ = {isa = PBXBuildFile; fileRef = 41DE9CB0243C7F09002A3392 /* ContentView.swift */; };
		41DE9CB3243C7F0A002A3392 /* Assets.xcassets in Resources */ = {isa = PBXBuildFile; fileRef = 41DE9CB2243C7F0A002A3392 /* Assets.xcassets */; };
		41DE9CB6243C7F0A002A3392 /* Preview Assets.xcassets in Resources */ = {isa = PBXBuildFile; fileRef = 41DE9CB5243C7F0A002A3392 /* Preview Assets.xcassets */; };
		41DE9CB9243C7F0A002A3392 /* LaunchScreen.storyboard in Resources */ = {isa = PBXBuildFile; fileRef = 41DE9CB7243C7F0A002A3392 /* LaunchScreen.storyboard */; };
/* End PBXBuildFile section */

/* Begin PBXFileReference section */
		41DE9CA9243C7F09002A3392 /* PaperScissorRock.app */ = {isa = PBXFileReference; explicitFileType = wrapper.application; includeInIndex = 0; path = PaperScissorRock.app; sourceTree = BUILT_PRODUCTS_DIR; };
		41DE9CAC243C7F09002A3392 /* AppDelegate.swift */ = {isa = PBXFileReference; lastKnownFileType = sourcecode.swift; path = AppDelegate.swift; sourceTree = "<group>"; };
		41DE9CAE243C7F09002A3392 /* SceneDelegate.swift */ = {isa = PBXFileReference; lastKnownFileType = sourcecode.swift; path = SceneDelegate.swift; sourceTree = "<group>"; };
		41DE9CB0243C7F09002A3392 /* ContentView.swift */ = {isa = PBXFileReference; lastKnownFileType = sourcecode.swift; path = ContentView.swift; sourceTree = "<group>"; };
		41DE9CB2243C7F0A002A3392 /* Assets.xcassets */ = {isa = PBXFileReference; lastKnownFileType = folder.assetcatalog; path = Assets.xcassets; sourceTree = "<group>"; };
		41DE9CB5243C7F0A002A3392 /* Preview Assets.xcassets */ = {isa = PBXFileReference; lastKnownFileType = folder.assetcatalog; path = "Preview Assets.xcassets"; sourceTree = "<group>"; };
		41DE9CB8243C7F0A002A3392 /* Base */ = {isa = PBXFileReference; lastKnownFileType = file.storyboard; name = Base; path = Base.lproj/LaunchScreen.storyboard; sourceTree = "<group>"; };
		41DE9CBA243C7F0A002A3392 /* Info.plist */ = {isa = PBXFileReference; lastKnownFileType = text.plist.xml; path = Info.plist; sourceTree = "<group>"; };
/* End PBXFileReference section */

/* Begin PBXFrameworksBuildPhase section */
		41DE9CA6243C7F09002A3392 /* Frameworks */ = {
			isa = PBXFrameworksBuildPhase;
			buildActionMask = 2147483647;
			files = (
			);
			runOnlyForDeploymentPostprocessing = 0;
		};
/* End PBXFrameworksBuildPhase section */

/* Begin PBXGroup section */
		41DE9CA0243C7F09002A3392 = {
			isa = PBXGroup;
			children = (
				41DE9CAB243C7F09002A3392 /* PaperScissorRock */,
				41DE9CAA243C7F09002A3392 /* Products */,
			);
			sourceTree = "<group>";
		};
		41DE9CAA243C7F09002A3392 /* Products */ = {
			isa = PBXGroup;
			children = (
				41DE9CA9243C7F09002A3392 /* PaperScissorRock.app */,
			);
			name = Products;
			sourceTree = "<group>";
		};
		41DE9CAB243C7F09002A3392 /* PaperScissorRock */ = {
			isa = PBXGroup;
			children = (
				41DE9CAC243C7F09002A3392 /* AppDelegate.swift */,
				41DE9CAE243C7F09002A3392 /* SceneDelegate.swift */,
				41DE9CB0243C7F09002A3392 /* ContentView.swift */,
				41DE9CB2243C7F0A002A3392 /* Assets.xcassets */,
				41DE9CB7243C7F0A002A3392 /* LaunchScreen.storyboard */,
				41DE9CBA243C7F0A002A3392 /* Info.plist */,
				41DE9CB4243C7F0A002A3392 /* Preview Content */,
			);
			path = PaperScissorRock;
			sourceTree = "<group>";
		};
		41DE9CB4243C7F0A002A3392 /* Preview Content */ = {
			isa = PBXGroup;
			children = (
				41DE9CB5243C7F0A002A3392 /* Preview Assets.xcassets */,
			);
			path = "Preview Content";
			sourceTree = "<group>";
		};
/* End PBXGroup section */

/* Begin PBXNativeTarget section */
		41DE9CA8243C7F09002A3392 /* PaperScissorRock */ = {
			isa = PBXNativeTarget;
			buildConfigurationList = 41DE9CBD243C7F0A002A3392 /* Build configuration list for PBXNativeTarget "PaperScissorRock" */;
			buildPhases = (
				41DE9CA5243C7F09002A3392 /* Sources */,
				41DE9CA6243C7F09002A3392 /* Frameworks */,
				41DE9CA7243C7F09002A3392 /* Resources */,
			);
			buildRules = (
			);
			dependencies = (
			);
			name = PaperScissorRock;
			productName = PaperScissorRock;
			productReference = 41DE9CA9243C7F09002A3392 /* PaperScissorRock.app */;
			productType = "com.apple.product-type.application";
		};
/* End PBXNativeTarget section */

/* Begin PBXProject section */
		41DE9CA1243C7F09002A3392 /* Project object */ = {
			isa = PBXProject;
			attributes = {
				LastSwiftUpdateCheck = 1140;
				LastUpgradeCheck = 1140;
				ORGANIZATIONNAME = "Filippo Giampapa";
				TargetAttributes = {
					41DE9CA8243C7F09002A3392 = {
						CreatedOnToolsVersion = 11.4;
					};
				};
			};
			buildConfigurationList = 41DE9CA4243C7F09002A3392 /* Build configuration list for PBXProject "PaperScissorRock" */;
			compatibilityVersion = "Xcode 9.3";
			developmentRegion = en;
			hasScannedForEncodings = 0;
			knownRegions = (
				en,
				Base,
			);
			mainGroup = 41DE9CA0243C7F09002A3392;
			productRefGroup = 41DE9CAA243C7F09002A3392 /* Products */;
			projectDirPath = "";
			projectRoot = "";
			targets = (
				41DE9CA8243C7F09002A3392 /* PaperScissorRock */,
			);
		};
/* End PBXProject section */

/* Begin PBXResourcesBuildPhase section */
		41DE9CA7243C7F09002A3392 /* Resources */ = {
			isa = PBXResourcesBuildPhase;
			buildActionMask = 2147483647;
			files = (
				41DE9CB9243C7F0A002A3392 /* LaunchScreen.storyboard in Resources */,
				41DE9CB6243C7F0A002A3392 /* Preview Assets.xcassets in Resources */,
				41DE9CB3243C7F0A002A3392 /* Assets.xcassets in Resources */,
			);
			runOnlyForDeploymentPostprocessing = 0;
		};
/* End PBXResourcesBuildPhase section */

/* Begin PBXSourcesBuildPhase section */
		41DE9CA5243C7F09002A3392 /* Sources */ = {
			isa = PBXSourcesBuildPhase;
			buildActionMask = 2147483647;
			files = (
				41DE9CAD243C7F09002A3392 /* AppDelegate.swift in Sources */,
				41DE9CAF243C7F09002A3392 /* SceneDelegate.swift in Sources */,
				41DE9CB1243C7F09002A3392 /* ContentView.swift in Sources */,
			);
			runOnlyForDeploymentPostprocessing = 0;
		};
/* End PBXSourcesBuildPhase section */

/* Begin PBXVariantGroup section */
		41DE9CB7243C7F0A002A3392 /* LaunchScreen.storyboard */ = {
			isa = PBXVariantGroup;
			children = (
				41DE9CB8243C7F0A002A3392 /* Base */,
			);
			name = LaunchScreen.storyboard;
			sourceTree = "<group>";
		};
/* End PBXVariantGroup section */

/* Begin XCBuildConfiguration section */
		41DE9CBB243C7F0A002A3392 /* Debug */ = {
			isa = XCBuildConfiguration;
			buildSettings = {
				ALWAYS_SEARCH_USER_PATHS = NO;
				CLANG_ANALYZER_NONNULL = YES;
				CLANG_ANALYZER_NUMBER_OBJECT_CONVERSION = YES_AGGRESSIVE;
				CLANG_CXX_LANGUAGE_STANDARD = "gnu++14";
				CLANG_CXX_LIBRARY = "libc++";
				CLANG_ENABLE_MODULES = YES;
				CLANG_ENABLE_OBJC_ARC = YES;
				CLANG_ENABLE_OBJC_WEAK = YES;
				CLANG_WARN_BLOCK_CAPTURE_AUTORELEASING = YES;
				CLANG_WARN_BOOL_CONVERSION = YES;
				CLANG_WARN_COMMA = YES;
				CLANG_WARN_CONSTANT_CONVERSION = YES;
				CLANG_WARN_DEPRECATED_OBJC_IMPLEMENTATIONS = YES;
				CLANG_WARN_DIRECT_OBJC_ISA_USAGE = YES_ERROR;
				CLANG_WARN_DOCUMENTATION_COMMENTS = YES;
				CLANG_WARN_EMPTY_BODY = YES;
				CLANG_WARN_ENUM_CONVERSION = YES;
				CLANG_WARN_INFINITE_RECURSION = YES;
				CLANG_WARN_INT_CONVERSION = YES;
				CLANG_WARN_NON_LITERAL_NULL_CONVERSION = YES;
				CLANG_WARN_OBJC_IMPLICIT_RETAIN_SELF = YES;
				CLANG_WARN_OBJC_LITERAL_CONVERSION = YES;
				CLANG_WARN_OBJC_ROOT_CLASS = YES_ERROR;
				CLANG_WARN_RANGE_LOOP_ANALYSIS = YES;
				CLANG_WARN_STRICT_PROTOTYPES = YES;
				CLANG_WARN_SUSPICIOUS_MOVE = YES;
				CLANG_WARN_UNGUARDED_AVAILABILITY = YES_AGGRESSIVE;
				CLANG_WARN_UNREACHABLE_CODE = YES;
				CLANG_WARN__DUPLICATE_METHOD_MATCH = YES;
				COPY_PHASE_STRIP = NO;
				DEBUG_INFORMATION_FORMAT = dwarf;
				ENABLE_STRICT_OBJC_MSGSEND = YES;
				ENABLE_TESTABILITY = YES;
				GCC_C_LANGUAGE_STANDARD = gnu11;
				GCC_DYNAMIC_NO_PIC = NO;
				GCC_NO_COMMON_BLOCKS = YES;
				GCC_OPTIMIZATION_LEVEL = 0;
				GCC_PREPROCESSOR_DEFINITIONS = (
					"DEBUG=1",
					"$(inherited)",
				);
				GCC_WARN_64_TO_32_BIT_CONVERSION = YES;
				GCC_WARN_ABOUT_RETURN_TYPE = YES_ERROR;
				GCC_WARN_UNDECLARED_SELECTOR = YES;
				GCC_WARN_UNINITIALIZED_AUTOS = YES_AGGRESSIVE;
				GCC_WARN_UNUSED_FUNCTION = YES;
				GCC_WARN_UNUSED_VARIABLE = YES;
				IPHONEOS_DEPLOYMENT_TARGET = 13.4;
				MTL_ENABLE_DEBUG_INFO = INCLUDE_SOURCE;
				MTL_FAST_MATH = YES;
				ONLY_ACTIVE_ARCH = YES;
				SDKROOT = iphoneos;
				SWIFT_ACTIVE_COMPILATION_CONDITIONS = DEBUG;
				SWIFT_OPTIMIZATION_LEVEL = "-Onone";
			};
			name = Debug;
		};
		41DE9CBC243C7F0A002A3392 /* Release */ = {
			isa = XCBuildConfiguration;
			buildSettings = {
				ALWAYS_SEARCH_USER_PATHS = NO;
				CLANG_ANALYZER_NONNULL = YES;
				CLANG_ANALYZER_NUMBER_OBJECT_CONVERSION = YES_AGGRESSIVE;
				CLANG_CXX_LANGUAGE_STANDARD = "gnu++14";
				CLANG_CXX_LIBRARY = "libc++";
				CLANG_ENABLE_MODULES = YES;
				CLANG_ENABLE_OBJC_ARC = YES;
				CLANG_ENABLE_OBJC_WEAK = YES;
				CLANG_WARN_BLOCK_CAPTURE_AUTORELEASING = YES;
				CLANG_WARN_BOOL_CONVERSION = YES;
				CLANG_WARN_COMMA = YES;
				CLANG_WARN_CONSTANT_CONVERSION = YES;
				CLANG_WARN_DEPRECATED_OBJC_IMPLEMENTATIONS = YES;
				CLANG_WARN_DIRECT_OBJC_ISA_USAGE = YES_ERROR;
				CLANG_WARN_DOCUMENTATION_COMMENTS = YES;
				CLANG_WARN_EMPTY_BODY = YES;
				CLANG_WARN_ENUM_CONVERSION = YES;
				CLANG_WARN_INFINITE_RECURSION = YES;
				CLANG_WARN_INT_CONVERSION = YES;
				CLANG_WARN_NON_LITERAL_NULL_CONVERSION = YES;
				CLANG_WARN_OBJC_IMPLICIT_RETAIN_SELF = YES;
				CLANG_WARN_OBJC_LITERAL_CONVERSION = YES;
				CLANG_WARN_OBJC_ROOT_CLASS = YES_ERROR;
				CLANG_WARN_RANGE_LOOP_ANALYSIS = YES;
				CLANG_WARN_STRICT_PROTOTYPES = YES;
				CLANG_WARN_SUSPICIOUS_MOVE = YES;
				CLANG_WARN_UNGUARDED_AVAILABILITY = YES_AGGRESSIVE;
				CLANG_WARN_UNREACHABLE_CODE = YES;
				CLANG_WARN__DUPLICATE_METHOD_MATCH = YES;
				COPY_PHASE_STRIP = NO;
				DEBUG_INFORMATION_FORMAT = "dwarf-with-dsym";
				ENABLE_NS_ASSERTIONS = NO;
				ENABLE_STRICT_OBJC_MSGSEND = YES;
				GCC_C_LANGUAGE_STANDARD = gnu11;
				GCC_NO_COMMON_BLOCKS = YES;
				GCC_WARN_64_TO_32_BIT_CONVERSION = YES;
				GCC_WARN_ABOUT_RETURN_TYPE = YES_ERROR;
				GCC_WARN_UNDECLARED_SELECTOR = YES;
				GCC_WARN_UNINITIALIZED_AUTOS = YES_AGGRESSIVE;
				GCC_WARN_UNUSED_FUNCTION = YES;
				GCC_WARN_UNUSED_VARIABLE = YES;
				IPHONEOS_DEPLOYMENT_TARGET = 13.4;
				MTL_ENABLE_DEBUG_INFO = NO;
				MTL_FAST_MATH = YES;
				SDKROOT = iphoneos;
				SWIFT_COMPILATION_MODE = wholemodule;
				SWIFT_OPTIMIZATION_LEVEL = "-O";
				VALIDATE_PRODUCT = YES;
			};
			name = Release;
		};
		41DE9CBE243C7F0A002A3392 /* Debug */ = {
			isa = XCBuildConfiguration;
			buildSettings = {
				ASSETCATALOG_COMPILER_APPICON_NAME = AppIcon;
				CODE_SIGN_STYLE = Automatic;
				DEVELOPMENT_ASSET_PATHS = "\"PaperScissorRock/Preview Content\"";
				DEVELOPMENT_TEAM = 4N2WZW4TY5;
				ENABLE_PREVIEWS = YES;
				INFOPLIST_FILE = PaperScissorRock/Info.plist;
				LD_RUNPATH_SEARCH_PATHS = (
					"$(inherited)",
					"@executable_path/Frameworks",
				);
				PRODUCT_BUNDLE_IDENTIFIER = com.filippogiampapa.PaperScissorRock;
				PRODUCT_NAME = "$(TARGET_NAME)";
				SWIFT_VERSION = 5.0;
				TARGETED_DEVICE_FAMILY = "1,2";
			};
			name = Debug;
		};
		41DE9CBF243C7F0A002A3392 /* Release */ = {
			isa = XCBuildConfiguration;
			buildSettings = {
				ASSETCATALOG_COMPILER_APPICON_NAME = AppIcon;
				CODE_SIGN_STYLE = Automatic;
				DEVELOPMENT_ASSET_PATHS = "\"PaperScissorRock/Preview Content\"";
				DEVELOPMENT_TEAM = 4N2WZW4TY5;
				ENABLE_PREVIEWS = YES;
				INFOPLIST_FILE = PaperScissorRock/Info.plist;
				LD_RUNPATH_SEARCH_PATHS = (
					"$(inherited)",
					"@executable_path/Frameworks",
				);
				PRODUCT_BUNDLE_IDENTIFIER = com.filippogiampapa.PaperScissorRock;
				PRODUCT_NAME = "$(TARGET_NAME)";
				SWIFT_VERSION = 5.0;
				TARGETED_DEVICE_FAMILY = "1,2";
			};
			name = Release;
		};
/* End XCBuildConfiguration section */

/* Begin XCConfigurationList section */
		41DE9CA4243C7F09002A3392 /* Build configuration list for PBXProject "PaperScissorRock" */ = {
			isa = XCConfigurationList;
			buildConfigurations = (
				41DE9CBB243C7F0A002A3392 /* Debug */,
				41DE9CBC243C7F0A002A3392 /* Release */,
			);
			defaultConfigurationIsVisible = 0;
			defaultConfigurationName = Release;
		};
		41DE9CBD243C7F0A002A3392 /* Build configuration list for PBXNativeTarget "PaperScissorRock" */ = {
			isa = XCConfigurationList;
			buildConfigurations = (
				41DE9CBE243C7F0A002A3392 /* Debug */,
				41DE9CBF243C7F0A002A3392 /* Release */,
			);
			defaultConfigurationIsVisible = 0;
			defaultConfigurationName = Release;
		};
/* End XCConfigurationList section */
	};
	rootObject = 41DE9CA1243C7F09002A3392 /* Project object */;
}
